
Microsoft Visual Studio Solution File, Format Version 12.00
# Visual Studio Version 17
VisualStudioVersion = 17.3.32929.385
MinimumVisualStudioVersion = 10.0.40219.1
Project("{FAE04EC0-301F-11D3-BF4B-00C04F79EFBC}") = "GerenciadorMusicas", "GerenciadorMusicas\GerenciadorMusicas.csproj", "{21BAAA39-4EB0-40B1-8D6D-F25C57F4F79B}"
EndProject
Project("{FAE04EC0-301F-11D3-BF4B-00C04F79EFBC}") = "GerenciadorMusicas.Test", "GerenciadorMusicas.Test\GerenciadorMusicas.Test.csproj", "{8D9F697E-0778-490B-8FA4-8A60CB71F4CD}"
EndProject
Global
	GlobalSection(SolutionConfigurationPlatforms) = preSolution
		Debug|Any CPU = Debug|Any CPU
		Release|Any CPU = Release|Any CPU
	EndGlobalSection
	GlobalSection(ProjectConfigurationPlatforms) = postSolution
		{21BAAA39-4EB0-40B1-8D6D-F25C57F4F79B}.Debug|Any CPU.ActiveCfg = Debug|Any CPU
		{21BAAA39-4EB0-40B1-8D6D-F25C57F4F79B}.Debug|Any CPU.Build.0 = Debug|Any CPU
		{21BAAA39-4EB0-40B1-8D6D-F25C57F4F79B}.Release|Any CPU.ActiveCfg = Release|Any CPU
		{21BAAA39-4EB0-40B1-8D6D-F25C57F4F79B}.Release|Any CPU.Build.0 = Release|Any CPU
		{8D9F697E-0778-490B-8FA4-8A60CB71F4CD}.Debug|Any CPU.ActiveCfg = Debug|Any CPU
		{8D9F697E-0778-490B-8FA4-8A60CB71F4CD}.Debug|Any CPU.Build.0 = Debug|Any CPU
		{8D9F697E-0778-490B-8FA4-8A60CB71F4CD}.Release|Any CPU.ActiveCfg = Release|Any CPU
		{8D9F697E-0778-490B-8FA4-8A60CB71F4CD}.Release|Any CPU.Build.0 = Release|Any CPU
	EndGlobalSection
	GlobalSection(SolutionProperties) = preSolution
		HideSolutionNode = FALSE
	EndGlobalSection
	GlobalSection(ExtensibilityGlobals) = postSolution
		SolutionGuid = {F85C1044-14AB-411C-978E-8B18A8ADD067}
	EndGlobalSection
EndGlobal
