
Microsoft Visual Studio Solution File, Format Version 12.00
# Visual Studio Version 17
VisualStudioVersion = 17.3.32929.385
MinimumVisualStudioVersion = 10.0.40219.1
Project("{9A19103F-16F7-4668-BE54-9A1E7A4F7556}") = "JornadaMilhas", "JornadaMilhas\JornadaMilhas.csproj", "{A676B72C-0D02-4651-9A4F-CAF17E12EF26}"
EndProject
Project("{FAE04EC0-301F-11D3-BF4B-00C04F79EFBC}") = "JornadaMilhas.Test", "tests\JornadaMilhas.Test\JornadaMilhas.Test.csproj", "{E7A79028-91B4-4315-A003-56D917DB3A92}"
EndProject
Global
	GlobalSection(SolutionConfigurationPlatforms) = preSolution
		Debug|Any CPU = Debug|Any CPU
		Release|Any CPU = Release|Any CPU
	EndGlobalSection
	GlobalSection(ProjectConfigurationPlatforms) = postSolution
		{A676B72C-0D02-4651-9A4F-CAF17E12EF26}.Debug|Any CPU.ActiveCfg = Debug|Any CPU
		{A676B72C-0D02-4651-9A4F-CAF17E12EF26}.Debug|Any CPU.Build.0 = Debug|Any CPU
		{A676B72C-0D02-4651-9A4F-CAF17E12EF26}.Release|Any CPU.ActiveCfg = Release|Any CPU
		{A676B72C-0D02-4651-9A4F-CAF17E12EF26}.Release|Any CPU.Build.0 = Release|Any CPU
		{E7A79028-91B4-4315-A003-56D917DB3A92}.Debug|Any CPU.ActiveCfg = Debug|Any CPU
		{E7A79028-91B4-4315-A003-56D917DB3A92}.Debug|Any CPU.Build.0 = Debug|Any CPU
		{E7A79028-91B4-4315-A003-56D917DB3A92}.Release|Any CPU.ActiveCfg = Release|Any CPU
		{E7A79028-91B4-4315-A003-56D917DB3A92}.Release|Any CPU.Build.0 = Release|Any CPU
	EndGlobalSection
	GlobalSection(SolutionProperties) = preSolution
		HideSolutionNode = FALSE
	EndGlobalSection
	GlobalSection(ExtensibilityGlobals) = postSolution
		SolutionGuid = {F4ECDF5D-58E0-407E-B52E-3E4A8151A332}
	EndGlobalSection
EndGlobal
